
Microsoft Visual Studio Solution File, Format Version 12.00
# Visual Studio Version 17
VisualStudioVersion = 17.6.33815.320
MinimumVisualStudioVersion = 10.0.40219.1
Project("{9A19103F-16F7-4668-BE54-9A1E7A4F7556}") = "HatSimulator", "HatSimulator.csproj", "{529AB2DF-3A9F-41B3-BA86-124EBE012EB5}"
EndProject
Global
	GlobalSection(SolutionConfigurationPlatforms) = preSolution
		Debug|Any CPU = Debug|Any CPU
		Release|Any CPU = Release|Any CPU
	EndGlobalSection
	GlobalSection(ProjectConfigurationPlatforms) = postSolution
		{529AB2DF-3A9F-41B3-BA86-124EBE012EB5}.Debug|Any CPU.ActiveCfg = Debug|Any CPU
		{529AB2DF-3A9F-41B3-BA86-124EBE012EB5}.Debug|Any CPU.Build.0 = Debug|Any CPU
		{529AB2DF-3A9F-41B3-BA86-124EBE012EB5}.Release|Any CPU.ActiveCfg = Release|Any CPU
		{529AB2DF-3A9F-41B3-BA86-124EBE012EB5}.Release|Any CPU.Build.0 = Release|Any CPU
	EndGlobalSection
	GlobalSection(SolutionProperties) = preSolution
		HideSolutionNode = FALSE
	EndGlobalSection
	GlobalSection(ExtensibilityGlobals) = postSolution
		SolutionGuid = {241B3696-B322-4AB0-A1AA-18A5AF7B8F1D}
	EndGlobalSection
EndGlobal
